{
  "name": "sketch-studio",
  "version": "1.0.0",
  "lockfileVersion": 3,
  "requires": true,
  "packages": {
    "": {
      "name": "sketch-studio",
      "version": "1.0.0",
      "license": "ISC",
      "devDependencies": {
        "@salusoft89/planegcs": "^1.1.7"
      }
    },
    "node_modules/@salusoft89/planegcs": {
      "version": "1.1.7",
      "resolved": "https://registry.npmjs.org/@salusoft89/planegcs/-/planegcs-1.1.7.tgz",
      "integrity": "sha512-7xTCyQBS8xzRXvB5vXj7vzcGdmPVUZHYgZXrcHBMaBtSE/XMSKH1/OWpdJp8DonbBnuzmjpX8djLta2MFbkhzw==",
      "dev": true,
      "license": "LGPL-2.0-or-later"
    }
  }
}
